
Microsoft Visual Studio Solution File, Format Version 12.00
# Visual Studio Version 17
VisualStudioVersion = 17.7.34031.279
MinimumVisualStudioVersion = 10.0.40219.1
Project("{F184B08F-C81C-45F6-A57F-5ABD9991F28F}") = "Matematica Trabajo Integrador v2.0", "Matematica Trabajo Integrador v2.0\Matematica Trabajo Integrador v2.0.vbproj", "{99FFBEAE-9BE5-44FA-8340-C4A6C76DAD0B}"
EndProject
Global
	GlobalSection(SolutionConfigurationPlatforms) = preSolution
		Debug|Any CPU = Debug|Any CPU
		Release|Any CPU = Release|Any CPU
	EndGlobalSection
	GlobalSection(ProjectConfigurationPlatforms) = postSolution
		{99FFBEAE-9BE5-44FA-8340-C4A6C76DAD0B}.Debug|Any CPU.ActiveCfg = Debug|Any CPU
		{99FFBEAE-9BE5-44FA-8340-C4A6C76DAD0B}.Debug|Any CPU.Build.0 = Debug|Any CPU
		{99FFBEAE-9BE5-44FA-8340-C4A6C76DAD0B}.Release|Any CPU.ActiveCfg = Release|Any CPU
		{99FFBEAE-9BE5-44FA-8340-C4A6C76DAD0B}.Release|Any CPU.Build.0 = Release|Any CPU
	EndGlobalSection
	GlobalSection(SolutionProperties) = preSolution
		HideSolutionNode = FALSE
	EndGlobalSection
	GlobalSection(ExtensibilityGlobals) = postSolution
		SolutionGuid = {DD87F64E-8DCE-4554-A2E9-CD5D2750D4C0}
	EndGlobalSection
EndGlobal
